
Microsoft Visual Studio Solution File, Format Version 12.00
# Visual Studio Version 17
VisualStudioVersion = 17.4.33205.214
MinimumVisualStudioVersion = 10.0.40219.1
Project("{FAE04EC0-301F-11D3-BF4B-00C04F79EFBC}") = "Monty Python and the Holy Grail", "Monty Python and the Holy Grail\Monty Python and the Holy Grail.csproj", "{89D490BC-450E-4CC2-BEA5-FE2DAF0CF6FB}"
EndProject
Global
	GlobalSection(SolutionConfigurationPlatforms) = preSolution
		Debug|Any CPU = Debug|Any CPU
		Release|Any CPU = Release|Any CPU
	EndGlobalSection
	GlobalSection(ProjectConfigurationPlatforms) = postSolution
		{89D490BC-450E-4CC2-BEA5-FE2DAF0CF6FB}.Debug|Any CPU.ActiveCfg = Debug|Any CPU
		{89D490BC-450E-4CC2-BEA5-FE2DAF0CF6FB}.Debug|Any CPU.Build.0 = Debug|Any CPU
		{89D490BC-450E-4CC2-BEA5-FE2DAF0CF6FB}.Release|Any CPU.ActiveCfg = Release|Any CPU
		{89D490BC-450E-4CC2-BEA5-FE2DAF0CF6FB}.Release|Any CPU.Build.0 = Release|Any CPU
	EndGlobalSection
	GlobalSection(SolutionProperties) = preSolution
		HideSolutionNode = FALSE
	EndGlobalSection
	GlobalSection(ExtensibilityGlobals) = postSolution
		SolutionGuid = {0044E392-85F3-4B17-92C3-5587F4B16A59}
	EndGlobalSection
EndGlobal
